
Microsoft Visual Studio Solution File, Format Version 12.00
# Visual Studio Version 17
VisualStudioVersion = 17.5.33516.290
MinimumVisualStudioVersion = 10.0.40219.1
Project("{FAE04EC0-301F-11D3-BF4B-00C04F79EFBC}") = "Demo1", "Demo1\Demo1.csproj", "{030A87B1-8149-4782-B43B-799F3696E414}"
EndProject
Global
	GlobalSection(SolutionConfigurationPlatforms) = preSolution
		Debug|Any CPU = Debug|Any CPU
		Release|Any CPU = Release|Any CPU
	EndGlobalSection
	GlobalSection(ProjectConfigurationPlatforms) = postSolution
		{030A87B1-8149-4782-B43B-799F3696E414}.Debug|Any CPU.ActiveCfg = Debug|Any CPU
		{030A87B1-8149-4782-B43B-799F3696E414}.Debug|Any CPU.Build.0 = Debug|Any CPU
		{030A87B1-8149-4782-B43B-799F3696E414}.Release|Any CPU.ActiveCfg = Release|Any CPU
		{030A87B1-8149-4782-B43B-799F3696E414}.Release|Any CPU.Build.0 = Release|Any CPU
	EndGlobalSection
	GlobalSection(SolutionProperties) = preSolution
		HideSolutionNode = FALSE
	EndGlobalSection
	GlobalSection(ExtensibilityGlobals) = postSolution
		SolutionGuid = {AB67769F-6D9F-4F73-89E1-B02927E813C8}
	EndGlobalSection
EndGlobal
