
Microsoft Visual Studio Solution File, Format Version 12.00
# Visual Studio Version 16
VisualStudioVersion = 16.0.33529.622
MinimumVisualStudioVersion = 10.0.40219.1
Project("{FAE04EC0-301F-11D3-BF4B-00C04F79EFBC}") = "NUnitTestProject", "NUnitTestProject\NUnitTestProject.csproj", "{120DF071-1CD7-464C-972D-CA45DC1288DB}"
EndProject
Global
	GlobalSection(SolutionConfigurationPlatforms) = preSolution
		Debug|Any CPU = Debug|Any CPU
		Release|Any CPU = Release|Any CPU
	EndGlobalSection
	GlobalSection(ProjectConfigurationPlatforms) = postSolution
		{120DF071-1CD7-464C-972D-CA45DC1288DB}.Debug|Any CPU.ActiveCfg = Debug|Any CPU
		{120DF071-1CD7-464C-972D-CA45DC1288DB}.Debug|Any CPU.Build.0 = Debug|Any CPU
		{120DF071-1CD7-464C-972D-CA45DC1288DB}.Release|Any CPU.ActiveCfg = Release|Any CPU
		{120DF071-1CD7-464C-972D-CA45DC1288DB}.Release|Any CPU.Build.0 = Release|Any CPU
	EndGlobalSection
	GlobalSection(SolutionProperties) = preSolution
		HideSolutionNode = FALSE
	EndGlobalSection
	GlobalSection(ExtensibilityGlobals) = postSolution
		SolutionGuid = {41580A2F-E51A-46C0-B56C-7C93FAE67B90}
	EndGlobalSection
EndGlobal
